dependencies:
- name: argo-cd
  repository: https://argoproj.github.io/argo-helm
  version: 7.4.0
- name: sealed-secrets
  repository: https://bitnami-labs.github.io/sealed-secrets
  version: 2.17.1
- name: eck-operator
  repository: https://helm.elastic.co
  version: 2.16.1
digest: sha256:69b1a40d8c68aa2a741bed378776df848310cd1a7fc99804d69d4a7a3ee31e86
generated: "2026-05-10T19:01:29.204627711+02:00"
