dependencies:
- name: argo-cd
  repository: https://argoproj.github.io/argo-helm
  version: 7.4.0
- name: sealed-secrets
  repository: https://bitnami-labs.github.io/sealed-secrets
  version: 2.17.1
- name: eck-operator
  repository: https://helm.elastic.co
  version: 3.4.0
digest: sha256:d086864f5f57e3d1f2cbb4788ad39a120283c5ba33b2ffbfe4cb8d752bf1354d
generated: "2026-05-10T19:10:17.526485217+02:00"
